
Microsoft Visual Studio Solution File, Format Version 12.00
# Visual Studio Version 17
VisualStudioVersion = 17.0.31903.59
MinimumVisualStudioVersion = 10.0.40219.1
Project("{FAE04EC0-301F-11D3-BF4B-00C04F79EFBC}") = "Ex001", "Ex001\Ex001.csproj", "{9E676530-A576-4EA2-BF92-A2AABF7779CE}"
EndProject
Project("{FAE04EC0-301F-11D3-BF4B-00C04F79EFBC}") = "Ex002", "Ex002\Ex002.csproj", "{12CC9D23-E87B-4863-8533-ED8B80B8729F}"
EndProject
Project("{FAE04EC0-301F-11D3-BF4B-00C04F79EFBC}") = "Ex003", "Ex003\Ex003.csproj", "{89F8081F-65AA-47CB-AC17-EE3CF3EF10D6}"
EndProject
Project("{FAE04EC0-301F-11D3-BF4B-00C04F79EFBC}") = "Ex004", "Ex004\Ex004.csproj", "{9C79EBE4-37D8-41B5-89DD-E4EE22888A11}"
EndProject
Project("{FAE04EC0-301F-11D3-BF4B-00C04F79EFBC}") = "Ex005", "Ex005\Ex005.csproj", "{4CC4C619-DAC3-41E7-891B-B71C7F23CEBA}"
EndProject
Project("{FAE04EC0-301F-11D3-BF4B-00C04F79EFBC}") = "Ex006", "Ex006\Ex006.csproj", "{3F112138-97D3-4687-A97F-88FCB79109FE}"
EndProject
Project("{FAE04EC0-301F-11D3-BF4B-00C04F79EFBC}") = "Ex007", "Ex007\Ex007.csproj", "{173A80CF-9F7F-4B86-89BA-7ACEDEE95FF8}"
EndProject
Project("{FAE04EC0-301F-11D3-BF4B-00C04F79EFBC}") = "Ex008", "Ex008\Ex008.csproj", "{50A066DF-A7A9-4BB5-A130-B424075F7149}"
EndProject
Project("{FAE04EC0-301F-11D3-BF4B-00C04F79EFBC}") = "Ex009", "Ex009\Ex009.csproj", "{BF981535-D031-4DA8-98FE-541FB46D84F5}"
EndProject
Project("{FAE04EC0-301F-11D3-BF4B-00C04F79EFBC}") = "Ex010", "Ex010\Ex010.csproj", "{47D77D30-1F4C-465D-BC9B-A6B07BBBF276}"
EndProject
Project("{FAE04EC0-301F-11D3-BF4B-00C04F79EFBC}") = "Ex011", "Ex011\Ex011.csproj", "{8C8E9367-C174-4E56-997E-3DABA1DDF131}"
EndProject
Project("{FAE04EC0-301F-11D3-BF4B-00C04F79EFBC}") = "S4Ex001", "S4Ex001\S4Ex001.csproj", "{FF411CF9-6810-4EDE-A058-3DF2E81E73D7}"
EndProject
Project("{FAE04EC0-301F-11D3-BF4B-00C04F79EFBC}") = "S4Ex002", "S4Ex002\S4Ex002.csproj", "{86885322-63C0-40C7-853B-E5F90685263E}"
EndProject
Project("{FAE04EC0-301F-11D3-BF4B-00C04F79EFBC}") = "S4Ex003", "S4Ex003\S4Ex003.csproj", "{BA77C024-CB2D-484E-9BD6-910555679651}"
EndProject
Project("{FAE04EC0-301F-11D3-BF4B-00C04F79EFBC}") = "S4Ex004", "S4Ex004\S4Ex004.csproj", "{E7171AC5-649A-410E-B632-32507FEA107B}"
EndProject
Project("{FAE04EC0-301F-11D3-BF4B-00C04F79EFBC}") = "S4Ex005", "S4Ex005\S4Ex005.csproj", "{0B98C73D-3ED8-4328-94E6-40DAD31B144E}"
EndProject
Project("{FAE04EC0-301F-11D3-BF4B-00C04F79EFBC}") = "S4Ex006", "S4Ex006\S4Ex006.csproj", "{B8DF41BF-F545-43A0-AF98-BE07A99F9577}"
EndProject
Global
	GlobalSection(SolutionConfigurationPlatforms) = preSolution
		Debug|Any CPU = Debug|Any CPU
		Release|Any CPU = Release|Any CPU
	EndGlobalSection
	GlobalSection(SolutionProperties) = preSolution
		HideSolutionNode = FALSE
	EndGlobalSection
	GlobalSection(ProjectConfigurationPlatforms) = postSolution
		{9E676530-A576-4EA2-BF92-A2AABF7779CE}.Debug|Any CPU.ActiveCfg = Debug|Any CPU
		{9E676530-A576-4EA2-BF92-A2AABF7779CE}.Debug|Any CPU.Build.0 = Debug|Any CPU
		{9E676530-A576-4EA2-BF92-A2AABF7779CE}.Release|Any CPU.ActiveCfg = Release|Any CPU
		{9E676530-A576-4EA2-BF92-A2AABF7779CE}.Release|Any CPU.Build.0 = Release|Any CPU
		{12CC9D23-E87B-4863-8533-ED8B80B8729F}.Debug|Any CPU.ActiveCfg = Debug|Any CPU
		{12CC9D23-E87B-4863-8533-ED8B80B8729F}.Debug|Any CPU.Build.0 = Debug|Any CPU
		{12CC9D23-E87B-4863-8533-ED8B80B8729F}.Release|Any CPU.ActiveCfg = Release|Any CPU
		{12CC9D23-E87B-4863-8533-ED8B80B8729F}.Release|Any CPU.Build.0 = Release|Any CPU
		{89F8081F-65AA-47CB-AC17-EE3CF3EF10D6}.Debug|Any CPU.ActiveCfg = Debug|Any CPU
		{89F8081F-65AA-47CB-AC17-EE3CF3EF10D6}.Debug|Any CPU.Build.0 = Debug|Any CPU
		{89F8081F-65AA-47CB-AC17-EE3CF3EF10D6}.Release|Any CPU.ActiveCfg = Release|Any CPU
		{89F8081F-65AA-47CB-AC17-EE3CF3EF10D6}.Release|Any CPU.Build.0 = Release|Any CPU
		{9C79EBE4-37D8-41B5-89DD-E4EE22888A11}.Debug|Any CPU.ActiveCfg = Debug|Any CPU
		{9C79EBE4-37D8-41B5-89DD-E4EE22888A11}.Debug|Any CPU.Build.0 = Debug|Any CPU
		{9C79EBE4-37D8-41B5-89DD-E4EE22888A11}.Release|Any CPU.ActiveCfg = Release|Any CPU
		{9C79EBE4-37D8-41B5-89DD-E4EE22888A11}.Release|Any CPU.Build.0 = Release|Any CPU
		{4CC4C619-DAC3-41E7-891B-B71C7F23CEBA}.Debug|Any CPU.ActiveCfg = Debug|Any CPU
		{4CC4C619-DAC3-41E7-891B-B71C7F23CEBA}.Debug|Any CPU.Build.0 = Debug|Any CPU
		{4CC4C619-DAC3-41E7-891B-B71C7F23CEBA}.Release|Any CPU.ActiveCfg = Release|Any CPU
		{4CC4C619-DAC3-41E7-891B-B71C7F23CEBA}.Release|Any CPU.Build.0 = Release|Any CPU
		{3F112138-97D3-4687-A97F-88FCB79109FE}.Debug|Any CPU.ActiveCfg = Debug|Any CPU
		{3F112138-97D3-4687-A97F-88FCB79109FE}.Debug|Any CPU.Build.0 = Debug|Any CPU
		{3F112138-97D3-4687-A97F-88FCB79109FE}.Release|Any CPU.ActiveCfg = Release|Any CPU
		{3F112138-97D3-4687-A97F-88FCB79109FE}.Release|Any CPU.Build.0 = Release|Any CPU
		{173A80CF-9F7F-4B86-89BA-7ACEDEE95FF8}.Debug|Any CPU.ActiveCfg = Debug|Any CPU
		{173A80CF-9F7F-4B86-89BA-7ACEDEE95FF8}.Debug|Any CPU.Build.0 = Debug|Any CPU
		{173A80CF-9F7F-4B86-89BA-7ACEDEE95FF8}.Release|Any CPU.ActiveCfg = Release|Any CPU
		{173A80CF-9F7F-4B86-89BA-7ACEDEE95FF8}.Release|Any CPU.Build.0 = Release|Any CPU
		{50A066DF-A7A9-4BB5-A130-B424075F7149}.Debug|Any CPU.ActiveCfg = Debug|Any CPU
		{50A066DF-A7A9-4BB5-A130-B424075F7149}.Debug|Any CPU.Build.0 = Debug|Any CPU
		{50A066DF-A7A9-4BB5-A130-B424075F7149}.Release|Any CPU.ActiveCfg = Release|Any CPU
		{50A066DF-A7A9-4BB5-A130-B424075F7149}.Release|Any CPU.Build.0 = Release|Any CPU
		{BF981535-D031-4DA8-98FE-541FB46D84F5}.Debug|Any CPU.ActiveCfg = Debug|Any CPU
		{BF981535-D031-4DA8-98FE-541FB46D84F5}.Debug|Any CPU.Build.0 = Debug|Any CPU
		{BF981535-D031-4DA8-98FE-541FB46D84F5}.Release|Any CPU.ActiveCfg = Release|Any CPU
		{BF981535-D031-4DA8-98FE-541FB46D84F5}.Release|Any CPU.Build.0 = Release|Any CPU
		{47D77D30-1F4C-465D-BC9B-A6B07BBBF276}.Debug|Any CPU.ActiveCfg = Debug|Any CPU
		{47D77D30-1F4C-465D-BC9B-A6B07BBBF276}.Debug|Any CPU.Build.0 = Debug|Any CPU
		{47D77D30-1F4C-465D-BC9B-A6B07BBBF276}.Release|Any CPU.ActiveCfg = Release|Any CPU
		{47D77D30-1F4C-465D-BC9B-A6B07BBBF276}.Release|Any CPU.Build.0 = Release|Any CPU
		{8C8E9367-C174-4E56-997E-3DABA1DDF131}.Debug|Any CPU.ActiveCfg = Debug|Any CPU
		{8C8E9367-C174-4E56-997E-3DABA1DDF131}.Debug|Any CPU.Build.0 = Debug|Any CPU
		{8C8E9367-C174-4E56-997E-3DABA1DDF131}.Release|Any CPU.ActiveCfg = Release|Any CPU
		{8C8E9367-C174-4E56-997E-3DABA1DDF131}.Release|Any CPU.Build.0 = Release|Any CPU
		{FF411CF9-6810-4EDE-A058-3DF2E81E73D7}.Debug|Any CPU.ActiveCfg = Debug|Any CPU
		{FF411CF9-6810-4EDE-A058-3DF2E81E73D7}.Debug|Any CPU.Build.0 = Debug|Any CPU
		{FF411CF9-6810-4EDE-A058-3DF2E81E73D7}.Release|Any CPU.ActiveCfg = Release|Any CPU
		{FF411CF9-6810-4EDE-A058-3DF2E81E73D7}.Release|Any CPU.Build.0 = Release|Any CPU
		{86885322-63C0-40C7-853B-E5F90685263E}.Debug|Any CPU.ActiveCfg = Debug|Any CPU
		{86885322-63C0-40C7-853B-E5F90685263E}.Debug|Any CPU.Build.0 = Debug|Any CPU
		{86885322-63C0-40C7-853B-E5F90685263E}.Release|Any CPU.ActiveCfg = Release|Any CPU
		{86885322-63C0-40C7-853B-E5F90685263E}.Release|Any CPU.Build.0 = Release|Any CPU
		{BA77C024-CB2D-484E-9BD6-910555679651}.Debug|Any CPU.ActiveCfg = Debug|Any CPU
		{BA77C024-CB2D-484E-9BD6-910555679651}.Debug|Any CPU.Build.0 = Debug|Any CPU
		{BA77C024-CB2D-484E-9BD6-910555679651}.Release|Any CPU.ActiveCfg = Release|Any CPU
		{BA77C024-CB2D-484E-9BD6-910555679651}.Release|Any CPU.Build.0 = Release|Any CPU
		{E7171AC5-649A-410E-B632-32507FEA107B}.Debug|Any CPU.ActiveCfg = Debug|Any CPU
		{E7171AC5-649A-410E-B632-32507FEA107B}.Debug|Any CPU.Build.0 = Debug|Any CPU
		{E7171AC5-649A-410E-B632-32507FEA107B}.Release|Any CPU.ActiveCfg = Release|Any CPU
		{E7171AC5-649A-410E-B632-32507FEA107B}.Release|Any CPU.Build.0 = Release|Any CPU
		{0B98C73D-3ED8-4328-94E6-40DAD31B144E}.Debug|Any CPU.ActiveCfg = Debug|Any CPU
		{0B98C73D-3ED8-4328-94E6-40DAD31B144E}.Debug|Any CPU.Build.0 = Debug|Any CPU
		{0B98C73D-3ED8-4328-94E6-40DAD31B144E}.Release|Any CPU.ActiveCfg = Release|Any CPU
		{0B98C73D-3ED8-4328-94E6-40DAD31B144E}.Release|Any CPU.Build.0 = Release|Any CPU
		{B8DF41BF-F545-43A0-AF98-BE07A99F9577}.Debug|Any CPU.ActiveCfg = Debug|Any CPU
		{B8DF41BF-F545-43A0-AF98-BE07A99F9577}.Debug|Any CPU.Build.0 = Debug|Any CPU
		{B8DF41BF-F545-43A0-AF98-BE07A99F9577}.Release|Any CPU.ActiveCfg = Release|Any CPU
		{B8DF41BF-F545-43A0-AF98-BE07A99F9577}.Release|Any CPU.Build.0 = Release|Any CPU
	EndGlobalSection
EndGlobal
